
Microsoft Visual Studio Solution File, Format Version 12.00
# Visual Studio 15
VisualStudioVersion = 15.0.26430.16
MinimumVisualStudioVersion = 10.0.40219.1
Project("{FAE04EC0-301F-11D3-BF4B-00C04F79EFBC}") = "SentimentAnalysis", "SentimentAnalysis\SentimentAnalysis.csproj", "{3D8BC6FC-08CD-4907-B91C-D951C22A3A8F}"
EndProject
Project("{FAE04EC0-301F-11D3-BF4B-00C04F79EFBC}") = "SentimentAnalysis.Test", "SentimentAnalysis.Test\SentimentAnalysis.Test.csproj", "{DF70D53B-2643-419F-A935-C718FC6FC1D8}"
EndProject
Project("{FAE04EC0-301F-11D3-BF4B-00C04F79EFBC}") = "SentimentAnalysis.Console", "SentimentAnalysis.Console\SentimentAnalysis.Console.csproj", "{6AFD7235-5049-49EF-BD76-6C7CCB780DB6}"
EndProject
Global
	GlobalSection(SolutionConfigurationPlatforms) = preSolution
		Debug|Any CPU = Debug|Any CPU
		Release|Any CPU = Release|Any CPU
	EndGlobalSection
	GlobalSection(ProjectConfigurationPlatforms) = postSolution
		{3D8BC6FC-08CD-4907-B91C-D951C22A3A8F}.Debug|Any CPU.ActiveCfg = Debug|Any CPU
		{3D8BC6FC-08CD-4907-B91C-D951C22A3A8F}.Debug|Any CPU.Build.0 = Debug|Any CPU
		{3D8BC6FC-08CD-4907-B91C-D951C22A3A8F}.Release|Any CPU.ActiveCfg = Release|Any CPU
		{3D8BC6FC-08CD-4907-B91C-D951C22A3A8F}.Release|Any CPU.Build.0 = Release|Any CPU
		{DF70D53B-2643-419F-A935-C718FC6FC1D8}.Debug|Any CPU.ActiveCfg = Debug|Any CPU
		{DF70D53B-2643-419F-A935-C718FC6FC1D8}.Debug|Any CPU.Build.0 = Debug|Any CPU
		{DF70D53B-2643-419F-A935-C718FC6FC1D8}.Release|Any CPU.ActiveCfg = Release|Any CPU
		{DF70D53B-2643-419F-A935-C718FC6FC1D8}.Release|Any CPU.Build.0 = Release|Any CPU
		{6AFD7235-5049-49EF-BD76-6C7CCB780DB6}.Debug|Any CPU.ActiveCfg = Debug|Any CPU
		{6AFD7235-5049-49EF-BD76-6C7CCB780DB6}.Debug|Any CPU.Build.0 = Debug|Any CPU
		{6AFD7235-5049-49EF-BD76-6C7CCB780DB6}.Release|Any CPU.ActiveCfg = Release|Any CPU
		{6AFD7235-5049-49EF-BD76-6C7CCB780DB6}.Release|Any CPU.Build.0 = Release|Any CPU
	EndGlobalSection
	GlobalSection(SolutionProperties) = preSolution
		HideSolutionNode = FALSE
	EndGlobalSection
EndGlobal
